// !$*UTF8*$!
{
	archiveVersion = 1;
	classes = {
	};
	objectVersion = 48;
	objects = {

/* Begin PBXBuildFile section */
		F60BFB51214285E300865075 /* main.m in Sources */ = {isa = PBXBuildFile; fileRef = F60BFB50214285E300865075 /* main.m */; };
		F63A35C920C7F2FA00E13A34 /* main.c in Sources */ = {isa = PBXBuildFile; fileRef = F63A35C820C7F2FA00E13A34 /* main.c */; };
		F6477EB22122E65400BF4CF0 /* main.m in Sources */ = {isa = PBXBuildFile; fileRef = F6477EB12122E65400BF4CF0 /* main.m */; };
		F69E675F22157FAF00555F89 /* main.m in Sources */ = {isa = PBXBuildFile; fileRef = F69E675E22157FAF00555F89 /* main.m */; };
		F6EE604C2119858500292DFA /* main.c in Sources */ = {isa = PBXBuildFile; fileRef = F6EE604B2119858500292DFA /* main.c */; };
/* End PBXBuildFile section */

/* Begin PBXCopyFilesBuildPhase section */
		F60BFB4C214285E200865075 /* CopyFiles */ = {
			isa = PBXCopyFilesBuildPhase;
			buildActionMask = 2147483647;
			dstPath = /usr/share/man/man1/;
			dstSubfolderSpec = 0;
			files = (
			);
			runOnlyForDeploymentPostprocessing = 1;
		};
		F63A35C320C7F2FA00E13A34 /* CopyFiles */ = {
			isa = PBXCopyFilesBuildPhase;
			buildActionMask = 2147483647;
			dstPath = /usr/share/man/man1/;
			dstSubfolderSpec = 0;
			files = (
			);
			runOnlyForDeploymentPostprocessing = 1;
		};
		F6477EAD2122E65400BF4CF0 /* CopyFiles */ = {
			isa = PBXCopyFilesBuildPhase;
			buildActionMask = 2147483647;
			dstPath = /usr/share/man/man1/;
			dstSubfolderSpec = 0;
			files = (
			);
			runOnlyForDeploymentPostprocessing = 1;
		};
		F69E675A22157FAF00555F89 /* CopyFiles */ = {
			isa = PBXCopyFilesBuildPhase;
			buildActionMask = 2147483647;
			dstPath = /usr/share/man/man1/;
			dstSubfolderSpec = 0;
			files = (
			);
			runOnlyForDeploymentPostprocessing = 1;
		};
		F6EE60472119858500292DFA /* CopyFiles */ = {
			isa = PBXCopyFilesBuildPhase;
			buildActionMask = 2147483647;
			dstPath = /usr/share/man/man1/;
			dstSubfolderSpec = 0;
			files = (
			);
			runOnlyForDeploymentPostprocessing = 1;
		};
/* End PBXCopyFilesBuildPhase section */

/* Begin PBXFileReference section */
		F60BFB4E214285E200865075 /* Shell---Sort希尔排序 */ = {isa = PBXFileReference; explicitFileType = "compiled.mach-o.executable"; includeInIndex = 0; path = "Shell---Sort希尔排序"; sourceTree = BUILT_PRODUCTS_DIR; };
		F60BFB50214285E300865075 /* main.m */ = {isa = PBXFileReference; lastKnownFileType = sourcecode.c.objc; path = main.m; sourceTree = "<group>"; tabWidth = 3; };
		F63A35C520C7F2FA00E13A34 /* IntroductionToAlgorithms */ = {isa = PBXFileReference; explicitFileType = "compiled.mach-o.executable"; includeInIndex = 0; path = IntroductionToAlgorithms; sourceTree = BUILT_PRODUCTS_DIR; };
		F63A35C820C7F2FA00E13A34 /* main.c */ = {isa = PBXFileReference; lastKnownFileType = sourcecode.c.c; path = main.c; sourceTree = "<group>"; };
		F6477EAF2122E65400BF4CF0 /* Shells Sort----希尔排序 */ = {isa = PBXFileReference; explicitFileType = "compiled.mach-o.executable"; includeInIndex = 0; path = "Shells Sort----希尔排序"; sourceTree = BUILT_PRODUCTS_DIR; };
		F6477EB12122E65400BF4CF0 /* main.m */ = {isa = PBXFileReference; lastKnownFileType = sourcecode.c.objc; path = main.m; sourceTree = "<group>"; };
		F69E675C22157FAF00555F89 /* Bubble Sort----冒泡排序 */ = {isa = PBXFileReference; explicitFileType = "compiled.mach-o.executable"; includeInIndex = 0; path = "Bubble Sort----冒泡排序"; sourceTree = BUILT_PRODUCTS_DIR; };
		F69E675E22157FAF00555F89 /* main.m */ = {isa = PBXFileReference; lastKnownFileType = sourcecode.c.objc; path = main.m; sourceTree = "<group>"; };
		F6EE60492119858500292DFA /* INSERTION-SORT---插入排序 */ = {isa = PBXFileReference; explicitFileType = "compiled.mach-o.executable"; includeInIndex = 0; path = "INSERTION-SORT---插入排序"; sourceTree = BUILT_PRODUCTS_DIR; };
		F6EE604B2119858500292DFA /* main.c */ = {isa = PBXFileReference; lastKnownFileType = sourcecode.c.c; path = main.c; sourceTree = "<group>"; };
/* End PBXFileReference section */

/* Begin PBXFrameworksBuildPhase section */
		F60BFB4B214285E200865075 /* Frameworks */ = {
			isa = PBXFrameworksBuildPhase;
			buildActionMask = 2147483647;
			files = (
			);
			runOnlyForDeploymentPostprocessing = 0;
		};
		F63A35C220C7F2FA00E13A34 /* Frameworks */ = {
			isa = PBXFrameworksBuildPhase;
			buildActionMask = 2147483647;
			files = (
			);
			runOnlyForDeploymentPostprocessing = 0;
		};
		F6477EAC2122E65400BF4CF0 /* Frameworks */ = {
			isa = PBXFrameworksBuildPhase;
			buildActionMask = 2147483647;
			files = (
			);
			runOnlyForDeploymentPostprocessing = 0;
		};
		F69E675922157FAF00555F89 /* Frameworks */ = {
			isa = PBXFrameworksBuildPhase;
			buildActionMask = 2147483647;
			files = (
			);
			runOnlyForDeploymentPostprocessing = 0;
		};
		F6EE60462119858500292DFA /* Frameworks */ = {
			isa = PBXFrameworksBuildPhase;
			buildActionMask = 2147483647;
			files = (
			);
			runOnlyForDeploymentPostprocessing = 0;
		};
/* End PBXFrameworksBuildPhase section */

/* Begin PBXGroup section */
		F60BFB4F214285E300865075 /* Shell---Sort希尔排序 */ = {
			isa = PBXGroup;
			children = (
				F60BFB50214285E300865075 /* main.m */,
			);
			path = "Shell---Sort希尔排序";
			sourceTree = "<group>";
		};
		F63A35BC20C7F2FA00E13A34 = {
			isa = PBXGroup;
			children = (
				F63A35C720C7F2FA00E13A34 /* IntroductionToAlgorithms */,
				F6EE604A2119858500292DFA /* INSERTION-SORT---插入排序 */,
				F6477EB02122E65400BF4CF0 /* Shells Sort----希尔排序 */,
				F60BFB4F214285E300865075 /* Shell---Sort希尔排序 */,
				F69E675D22157FAF00555F89 /* Bubble Sort----冒泡排序 */,
				F63A35C620C7F2FA00E13A34 /* Products */,
			);
			sourceTree = "<group>";
		};
		F63A35C620C7F2FA00E13A34 /* Products */ = {
			isa = PBXGroup;
			children = (
				F63A35C520C7F2FA00E13A34 /* IntroductionToAlgorithms */,
				F6EE60492119858500292DFA /* INSERTION-SORT---插入排序 */,
				F6477EAF2122E65400BF4CF0 /* Shells Sort----希尔排序 */,
				F60BFB4E214285E200865075 /* Shell---Sort希尔排序 */,
				F69E675C22157FAF00555F89 /* Bubble Sort----冒泡排序 */,
			);
			name = Products;
			sourceTree = "<group>";
		};
		F63A35C720C7F2FA00E13A34 /* IntroductionToAlgorithms */ = {
			isa = PBXGroup;
			children = (
				F63A35C820C7F2FA00E13A34 /* main.c */,
			);
			path = IntroductionToAlgorithms;
			sourceTree = "<group>";
		};
		F6477EB02122E65400BF4CF0 /* Shells Sort----希尔排序 */ = {
			isa = PBXGroup;
			children = (
				F6477EB12122E65400BF4CF0 /* main.m */,
			);
			path = "Shells Sort----希尔排序";
			sourceTree = "<group>";
		};
		F69E675D22157FAF00555F89 /* Bubble Sort----冒泡排序 */ = {
			isa = PBXGroup;
			children = (
				F69E675E22157FAF00555F89 /* main.m */,
			);
			path = "Bubble Sort----冒泡排序";
			sourceTree = "<group>";
		};
		F6EE604A2119858500292DFA /* INSERTION-SORT---插入排序 */ = {
			isa = PBXGroup;
			children = (
				F6EE604B2119858500292DFA /* main.c */,
			);
			path = "INSERTION-SORT---插入排序";
			sourceTree = "<group>";
		};
/* End PBXGroup section */

/* Begin PBXNativeTarget section */
		F60BFB4D214285E200865075 /* Shell---Sort希尔排序 */ = {
			isa = PBXNativeTarget;
			buildConfigurationList = F60BFB54214285E300865075 /* Build configuration list for PBXNativeTarget "Shell---Sort希尔排序" */;
			buildPhases = (
				F60BFB4A214285E200865075 /* Sources */,
				F60BFB4B214285E200865075 /* Frameworks */,
				F60BFB4C214285E200865075 /* CopyFiles */,
			);
			buildRules = (
			);
			dependencies = (
			);
			name = "Shell---Sort希尔排序";
			productName = "Shell---Sort希尔排序";
			productReference = F60BFB4E214285E200865075 /* Shell---Sort希尔排序 */;
			productType = "com.apple.product-type.tool";
		};
		F63A35C420C7F2FA00E13A34 /* IntroductionToAlgorithms */ = {
			isa = PBXNativeTarget;
			buildConfigurationList = F63A35CC20C7F2FA00E13A34 /* Build configuration list for PBXNativeTarget "IntroductionToAlgorithms" */;
			buildPhases = (
				F63A35C120C7F2FA00E13A34 /* Sources */,
				F63A35C220C7F2FA00E13A34 /* Frameworks */,
				F63A35C320C7F2FA00E13A34 /* CopyFiles */,
			);
			buildRules = (
			);
			dependencies = (
			);
			name = IntroductionToAlgorithms;
			productName = IntroductionToAlgorithms;
			productReference = F63A35C520C7F2FA00E13A34 /* IntroductionToAlgorithms */;
			productType = "com.apple.product-type.tool";
		};
		F6477EAE2122E65400BF4CF0 /* Shells Sort----希尔排序 */ = {
			isa = PBXNativeTarget;
			buildConfigurationList = F6477EB52122E65400BF4CF0 /* Build configuration list for PBXNativeTarget "Shells Sort----希尔排序" */;
			buildPhases = (
				F6477EAB2122E65400BF4CF0 /* Sources */,
				F6477EAC2122E65400BF4CF0 /* Frameworks */,
				F6477EAD2122E65400BF4CF0 /* CopyFiles */,
			);
			buildRules = (
			);
			dependencies = (
			);
			name = "Shells Sort----希尔排序";
			productName = "Shells Sort----希尔排序";
			productReference = F6477EAF2122E65400BF4CF0 /* Shells Sort----希尔排序 */;
			productType = "com.apple.product-type.tool";
		};
		F69E675B22157FAF00555F89 /* Bubble Sort----冒泡排序 */ = {
			isa = PBXNativeTarget;
			buildConfigurationList = F69E676222157FAF00555F89 /* Build configuration list for PBXNativeTarget "Bubble Sort----冒泡排序" */;
			buildPhases = (
				F69E675822157FAF00555F89 /* Sources */,
				F69E675922157FAF00555F89 /* Frameworks */,
				F69E675A22157FAF00555F89 /* CopyFiles */,
			);
			buildRules = (
			);
			dependencies = (
			);
			name = "Bubble Sort----冒泡排序";
			productName = "Bubble Sort----冒泡排序";
			productReference = F69E675C22157FAF00555F89 /* Bubble Sort----冒泡排序 */;
			productType = "com.apple.product-type.tool";
		};
		F6EE60482119858500292DFA /* INSERTION-SORT---插入排序 */ = {
			isa = PBXNativeTarget;
			buildConfigurationList = F6EE604F2119858500292DFA /* Build configuration list for PBXNativeTarget "INSERTION-SORT---插入排序" */;
			buildPhases = (
				F6EE60452119858500292DFA /* Sources */,
				F6EE60462119858500292DFA /* Frameworks */,
				F6EE60472119858500292DFA /* CopyFiles */,
			);
			buildRules = (
			);
			dependencies = (
			);
			name = "INSERTION-SORT---插入排序";
			productName = "INSERTION-SORT---插入排序";
			productReference = F6EE60492119858500292DFA /* INSERTION-SORT---插入排序 */;
			productType = "com.apple.product-type.tool";
		};
/* End PBXNativeTarget section */

/* Begin PBXProject section */
		F63A35BD20C7F2FA00E13A34 /* Project object */ = {
			isa = PBXProject;
			attributes = {
				LastUpgradeCheck = 0920;
				ORGANIZATIONNAME = affee;
				TargetAttributes = {
					F60BFB4D214285E200865075 = {
						CreatedOnToolsVersion = 9.4.1;
						ProvisioningStyle = Automatic;
					};
					F63A35C420C7F2FA00E13A34 = {
						CreatedOnToolsVersion = 9.2;
						ProvisioningStyle = Automatic;
					};
					F6477EAE2122E65400BF4CF0 = {
						CreatedOnToolsVersion = 9.4.1;
						ProvisioningStyle = Automatic;
					};
					F69E675B22157FAF00555F89 = {
						CreatedOnToolsVersion = 10.1;
						ProvisioningStyle = Automatic;
					};
					F6EE60482119858500292DFA = {
						CreatedOnToolsVersion = 9.4.1;
						ProvisioningStyle = Automatic;
					};
				};
			};
			buildConfigurationList = F63A35C020C7F2FA00E13A34 /* Build configuration list for PBXProject "IntroductionToAlgorithms" */;
			compatibilityVersion = "Xcode 8.0";
			developmentRegion = en;
			hasScannedForEncodings = 0;
			knownRegions = (
				en,
			);
			mainGroup = F63A35BC20C7F2FA00E13A34;
			productRefGroup = F63A35C620C7F2FA00E13A34 /* Products */;
			projectDirPath = "";
			projectRoot = "";
			targets = (
				F63A35C420C7F2FA00E13A34 /* IntroductionToAlgorithms */,
				F6EE60482119858500292DFA /* INSERTION-SORT---插入排序 */,
				F6477EAE2122E65400BF4CF0 /* Shells Sort----希尔排序 */,
				F60BFB4D214285E200865075 /* Shell---Sort希尔排序 */,
				F69E675B22157FAF00555F89 /* Bubble Sort----冒泡排序 */,
			);
		};
/* End PBXProject section */

/* Begin PBXSourcesBuildPhase section */
		F60BFB4A214285E200865075 /* Sources */ = {
			isa = PBXSourcesBuildPhase;
			buildActionMask = 2147483647;
			files = (
				F60BFB51214285E300865075 /* main.m in Sources */,
			);
			runOnlyForDeploymentPostprocessing = 0;
		};
		F63A35C120C7F2FA00E13A34 /* Sources */ = {
			isa = PBXSourcesBuildPhase;
			buildActionMask = 2147483647;
			files = (
				F63A35C920C7F2FA00E13A34 /* main.c in Sources */,
			);
			runOnlyForDeploymentPostprocessing = 0;
		};
		F6477EAB2122E65400BF4CF0 /* Sources */ = {
			isa = PBXSourcesBuildPhase;
			buildActionMask = 2147483647;
			files = (
				F6477EB22122E65400BF4CF0 /* main.m in Sources */,
			);
			runOnlyForDeploymentPostprocessing = 0;
		};
		F69E675822157FAF00555F89 /* Sources */ = {
			isa = PBXSourcesBuildPhase;
			buildActionMask = 2147483647;
			files = (
				F69E675F22157FAF00555F89 /* main.m in Sources */,
			);
			runOnlyForDeploymentPostprocessing = 0;
		};
		F6EE60452119858500292DFA /* Sources */ = {
			isa = PBXSourcesBuildPhase;
			buildActionMask = 2147483647;
			files = (
				F6EE604C2119858500292DFA /* main.c in Sources */,
			);
			runOnlyForDeploymentPostprocessing = 0;
		};
/* End PBXSourcesBuildPhase section */

/* Begin XCBuildConfiguration section */
		F60BFB52214285E300865075 /* Debug */ = {
			isa = XCBuildConfiguration;
			buildSettings = {
				CLANG_ENABLE_OBJC_WEAK = YES;
				CLANG_WARN_DEPRECATED_OBJC_IMPLEMENTATIONS = YES;
				CLANG_WARN_OBJC_IMPLICIT_RETAIN_SELF = YES;
				CODE_SIGN_IDENTITY = "Mac Developer";
				CODE_SIGN_STYLE = Automatic;
				DEVELOPMENT_TEAM = NK8YAKFDQQ;
				PRODUCT_NAME = "$(TARGET_NAME)";
			};
			name = Debug;
		};
		F60BFB53214285E300865075 /* Release */ = {
			isa = XCBuildConfiguration;
			buildSettings = {
				CLANG_ENABLE_OBJC_WEAK = YES;
				CLANG_WARN_DEPRECATED_OBJC_IMPLEMENTATIONS = YES;
				CLANG_WARN_OBJC_IMPLICIT_RETAIN_SELF = YES;
				CODE_SIGN_IDENTITY = "Mac Developer";
				CODE_SIGN_STYLE = Automatic;
				DEVELOPMENT_TEAM = NK8YAKFDQQ;
				PRODUCT_NAME = "$(TARGET_NAME)";
			};
			name = Release;
		};
		F63A35CA20C7F2FA00E13A34 /* Debug */ = {
			isa = XCBuildConfiguration;
			buildSettings = {
				ALWAYS_SEARCH_USER_PATHS = NO;
				CLANG_ANALYZER_NONNULL = YES;
				CLANG_ANALYZER_NUMBER_OBJECT_CONVERSION = YES_AGGRESSIVE;
				CLANG_CXX_LANGUAGE_STANDARD = "gnu++14";
				CLANG_CXX_LIBRARY = "libc++";
				CLANG_ENABLE_MODULES = YES;
				CLANG_ENABLE_OBJC_ARC = YES;
				CLANG_WARN_BLOCK_CAPTURE_AUTORELEASING = YES;
				CLANG_WARN_BOOL_CONVERSION = YES;
				CLANG_WARN_COMMA = YES;
				CLANG_WARN_CONSTANT_CONVERSION = YES;
				CLANG_WARN_DIRECT_OBJC_ISA_USAGE = YES_ERROR;
				CLANG_WARN_DOCUMENTATION_COMMENTS = YES;
				CLANG_WARN_EMPTY_BODY = YES;
				CLANG_WARN_ENUM_CONVERSION = YES;
				CLANG_WARN_INFINITE_RECURSION = YES;
				CLANG_WARN_INT_CONVERSION = YES;
				CLANG_WARN_NON_LITERAL_NULL_CONVERSION = YES;
				CLANG_WARN_OBJC_LITERAL_CONVERSION = YES;
				CLANG_WARN_OBJC_ROOT_CLASS = YES_ERROR;
				CLANG_WARN_RANGE_LOOP_ANALYSIS = YES;
				CLANG_WARN_STRICT_PROTOTYPES = YES;
				CLANG_WARN_SUSPICIOUS_MOVE = YES;
				CLANG_WARN_UNGUARDED_AVAILABILITY = YES_AGGRESSIVE;
				CLANG_WARN_UNREACHABLE_CODE = YES;
				CLANG_WARN__DUPLICATE_METHOD_MATCH = YES;
				CODE_SIGN_IDENTITY = "-";
				COPY_PHASE_STRIP = NO;
				DEBUG_INFORMATION_FORMAT = dwarf;
				ENABLE_STRICT_OBJC_MSGSEND = YES;
				ENABLE_TESTABILITY = YES;
				GCC_C_LANGUAGE_STANDARD = gnu11;
				GCC_DYNAMIC_NO_PIC = NO;
				GCC_NO_COMMON_BLOCKS = YES;
				GCC_OPTIMIZATION_LEVEL = 0;
				GCC_PREPROCESSOR_DEFINITIONS = (
					"DEBUG=1",
					"$(inherited)",
				);
				GCC_WARN_64_TO_32_BIT_CONVERSION = YES;
				GCC_WARN_ABOUT_RETURN_TYPE = YES_ERROR;
				GCC_WARN_UNDECLARED_SELECTOR = YES;
				GCC_WARN_UNINITIALIZED_AUTOS = YES_AGGRESSIVE;
				GCC_WARN_UNUSED_FUNCTION = YES;
				GCC_WARN_UNUSED_VARIABLE = YES;
				MACOSX_DEPLOYMENT_TARGET = 10.13;
				MTL_ENABLE_DEBUG_INFO = YES;
				ONLY_ACTIVE_ARCH = YES;
				SDKROOT = macosx;
			};
			name = Debug;
		};
		F63A35CB20C7F2FA00E13A34 /* Release */ = {
			isa = XCBuildConfiguration;
			buildSettings = {
				ALWAYS_SEARCH_USER_PATHS = NO;
				CLANG_ANALYZER_NONNULL = YES;
				CLANG_ANALYZER_NUMBER_OBJECT_CONVERSION = YES_AGGRESSIVE;
				CLANG_CXX_LANGUAGE_STANDARD = "gnu++14";
				CLANG_CXX_LIBRARY = "libc++";
				CLANG_ENABLE_MODULES = YES;
				CLANG_ENABLE_OBJC_ARC = YES;
				CLANG_WARN_BLOCK_CAPTURE_AUTORELEASING = YES;
				CLANG_WARN_BOOL_CONVERSION = YES;
				CLANG_WARN_COMMA = YES;
				CLANG_WARN_CONSTANT_CONVERSION = YES;
				CLANG_WARN_DIRECT_OBJC_ISA_USAGE = YES_ERROR;
				CLANG_WARN_DOCUMENTATION_COMMENTS = YES;
				CLANG_WARN_EMPTY_BODY = YES;
				CLANG_WARN_ENUM_CONVERSION = YES;
				CLANG_WARN_INFINITE_RECURSION = YES;
				CLANG_WARN_INT_CONVERSION = YES;
				CLANG_WARN_NON_LITERAL_NULL_CONVERSION = YES;
				CLANG_WARN_OBJC_LITERAL_CONVERSION = YES;
				CLANG_WARN_OBJC_ROOT_CLASS = YES_ERROR;
				CLANG_WARN_RANGE_LOOP_ANALYSIS = YES;
				CLANG_WARN_STRICT_PROTOTYPES = YES;
				CLANG_WARN_SUSPICIOUS_MOVE = YES;
				CLANG_WARN_UNGUARDED_AVAILABILITY = YES_AGGRESSIVE;
				CLANG_WARN_UNREACHABLE_CODE = YES;
				CLANG_WARN__DUPLICATE_METHOD_MATCH = YES;
				CODE_SIGN_IDENTITY = "-";
				COPY_PHASE_STRIP = NO;
				DEBUG_INFORMATION_FORMAT = "dwarf-with-dsym";
				ENABLE_NS_ASSERTIONS = NO;
				ENABLE_STRICT_OBJC_MSGSEND = YES;
				GCC_C_LANGUAGE_STANDARD = gnu11;
				GCC_NO_COMMON_BLOCKS = YES;
				GCC_WARN_64_TO_32_BIT_CONVERSION = YES;
				GCC_WARN_ABOUT_RETURN_TYPE = YES_ERROR;
				GCC_WARN_UNDECLARED_SELECTOR = YES;
				GCC_WARN_UNINITIALIZED_AUTOS = YES_AGGRESSIVE;
				GCC_WARN_UNUSED_FUNCTION = YES;
				GCC_WARN_UNUSED_VARIABLE = YES;
				MACOSX_DEPLOYMENT_TARGET = 10.13;
				MTL_ENABLE_DEBUG_INFO = NO;
				SDKROOT = macosx;
			};
			name = Release;
		};
		F63A35CD20C7F2FA00E13A34 /* Debug */ = {
			isa = XCBuildConfiguration;
			buildSettings = {
				CODE_SIGN_STYLE = Automatic;
				PRODUCT_NAME = "$(TARGET_NAME)";
			};
			name = Debug;
		};
		F63A35CE20C7F2FA00E13A34 /* Release */ = {
			isa = XCBuildConfiguration;
			buildSettings = {
				CODE_SIGN_STYLE = Automatic;
				PRODUCT_NAME = "$(TARGET_NAME)";
			};
			name = Release;
		};
		F6477EB32122E65400BF4CF0 /* Debug */ = {
			isa = XCBuildConfiguration;
			buildSettings = {
				CLANG_ENABLE_OBJC_WEAK = YES;
				CLANG_WARN_DEPRECATED_OBJC_IMPLEMENTATIONS = YES;
				CLANG_WARN_OBJC_IMPLICIT_RETAIN_SELF = YES;
				CODE_SIGN_IDENTITY = "Mac Developer";
				CODE_SIGN_STYLE = Automatic;
				DEVELOPMENT_TEAM = NK8YAKFDQQ;
				PRODUCT_NAME = "$(TARGET_NAME)";
			};
			name = Debug;
		};
		F6477EB42122E65400BF4CF0 /* Release */ = {
			isa = XCBuildConfiguration;
			buildSettings = {
				CLANG_ENABLE_OBJC_WEAK = YES;
				CLANG_WARN_DEPRECATED_OBJC_IMPLEMENTATIONS = YES;
				CLANG_WARN_OBJC_IMPLICIT_RETAIN_SELF = YES;
				CODE_SIGN_IDENTITY = "Mac Developer";
				CODE_SIGN_STYLE = Automatic;
				DEVELOPMENT_TEAM = NK8YAKFDQQ;
				PRODUCT_NAME = "$(TARGET_NAME)";
			};
			name = Release;
		};
		F69E676022157FAF00555F89 /* Debug */ = {
			isa = XCBuildConfiguration;
			buildSettings = {
				CLANG_ENABLE_OBJC_WEAK = YES;
				CLANG_WARN_DEPRECATED_OBJC_IMPLEMENTATIONS = YES;
				CLANG_WARN_OBJC_IMPLICIT_RETAIN_SELF = YES;
				CODE_SIGN_STYLE = Automatic;
				MACOSX_DEPLOYMENT_TARGET = 10.14;
				MTL_ENABLE_DEBUG_INFO = INCLUDE_SOURCE;
				MTL_FAST_MATH = YES;
				PRODUCT_NAME = "$(TARGET_NAME)";
			};
			name = Debug;
		};
		F69E676122157FAF00555F89 /* Release */ = {
			isa = XCBuildConfiguration;
			buildSettings = {
				CLANG_ENABLE_OBJC_WEAK = YES;
				CLANG_WARN_DEPRECATED_OBJC_IMPLEMENTATIONS = YES;
				CLANG_WARN_OBJC_IMPLICIT_RETAIN_SELF = YES;
				CODE_SIGN_STYLE = Automatic;
				MACOSX_DEPLOYMENT_TARGET = 10.14;
				MTL_FAST_MATH = YES;
				PRODUCT_NAME = "$(TARGET_NAME)";
			};
			name = Release;
		};
		F6EE604D2119858500292DFA /* Debug */ = {
			isa = XCBuildConfiguration;
			buildSettings = {
				CLANG_ENABLE_OBJC_WEAK = YES;
				CLANG_WARN_DEPRECATED_OBJC_IMPLEMENTATIONS = YES;
				CLANG_WARN_OBJC_IMPLICIT_RETAIN_SELF = YES;
				CODE_SIGN_IDENTITY = "Mac Developer";
				CODE_SIGN_STYLE = Automatic;
				DEVELOPMENT_TEAM = NK8YAKFDQQ;
				PRODUCT_NAME = "$(TARGET_NAME)";
			};
			name = Debug;
		};
		F6EE604E2119858500292DFA /* Release */ = {
			isa = XCBuildConfiguration;
			buildSettings = {
				CLANG_ENABLE_OBJC_WEAK = YES;
				CLANG_WARN_DEPRECATED_OBJC_IMPLEMENTATIONS = YES;
				CLANG_WARN_OBJC_IMPLICIT_RETAIN_SELF = YES;
				CODE_SIGN_IDENTITY = "Mac Developer";
				CODE_SIGN_STYLE = Automatic;
				DEVELOPMENT_TEAM = NK8YAKFDQQ;
				PRODUCT_NAME = "$(TARGET_NAME)";
			};
			name = Release;
		};
/* End XCBuildConfiguration section */

/* Begin XCConfigurationList section */
		F60BFB54214285E300865075 /* Build configuration list for PBXNativeTarget "Shell---Sort希尔排序" */ = {
			isa = XCConfigurationList;
			buildConfigurations = (
				F60BFB52214285E300865075 /* Debug */,
				F60BFB53214285E300865075 /* Release */,
			);
			defaultConfigurationIsVisible = 0;
			defaultConfigurationName = Release;
		};
		F63A35C020C7F2FA00E13A34 /* Build configuration list for PBXProject "IntroductionToAlgorithms" */ = {
			isa = XCConfigurationList;
			buildConfigurations = (
				F63A35CA20C7F2FA00E13A34 /* Debug */,
				F63A35CB20C7F2FA00E13A34 /* Release */,
			);
			defaultConfigurationIsVisible = 0;
			defaultConfigurationName = Release;
		};
		F63A35CC20C7F2FA00E13A34 /* Build configuration list for PBXNativeTarget "IntroductionToAlgorithms" */ = {
			isa = XCConfigurationList;
			buildConfigurations = (
				F63A35CD20C7F2FA00E13A34 /* Debug */,
				F63A35CE20C7F2FA00E13A34 /* Release */,
			);
			defaultConfigurationIsVisible = 0;
			defaultConfigurationName = Release;
		};
		F6477EB52122E65400BF4CF0 /* Build configuration list for PBXNativeTarget "Shells Sort----希尔排序" */ = {
			isa = XCConfigurationList;
			buildConfigurations = (
				F6477EB32122E65400BF4CF0 /* Debug */,
				F6477EB42122E65400BF4CF0 /* Release */,
			);
			defaultConfigurationIsVisible = 0;
			defaultConfigurationName = Release;
		};
		F69E676222157FAF00555F89 /* Build configuration list for PBXNativeTarget "Bubble Sort----冒泡排序" */ = {
			isa = XCConfigurationList;
			buildConfigurations = (
				F69E676022157FAF00555F89 /* Debug */,
				F69E676122157FAF00555F89 /* Release */,
			);
			defaultConfigurationIsVisible = 0;
			defaultConfigurationName = Release;
		};
		F6EE604F2119858500292DFA /* Build configuration list for PBXNativeTarget "INSERTION-SORT---插入排序" */ = {
			isa = XCConfigurationList;
			buildConfigurations = (
				F6EE604D2119858500292DFA /* Debug */,
				F6EE604E2119858500292DFA /* Release */,
			);
			defaultConfigurationIsVisible = 0;
			defaultConfigurationName = Release;
		};
/* End XCConfigurationList section */
	};
	rootObject = F63A35BD20C7F2FA00E13A34 /* Project object */;
}
